
Microsoft Visual Studio Solution File, Format Version 12.00
# Visual Studio Version 17
VisualStudioVersion = 17.11.35431.28
MinimumVisualStudioVersion = 10.0.40219.1
Project("{F184B08F-C81C-45F6-A57F-5ABD9991F28F}") = "Airlines", "Airlines.vbproj", "{9997E1DB-A5A0-4E24-95C8-23089684D469}"
EndProject
Global
	GlobalSection(SolutionConfigurationPlatforms) = preSolution
		Debug|Any CPU = Debug|Any CPU
		Release|Any CPU = Release|Any CPU
	EndGlobalSection
	GlobalSection(ProjectConfigurationPlatforms) = postSolution
		{9997E1DB-A5A0-4E24-95C8-23089684D469}.Debug|Any CPU.ActiveCfg = Debug|Any CPU
		{9997E1DB-A5A0-4E24-95C8-23089684D469}.Debug|Any CPU.Build.0 = Debug|Any CPU
		{9997E1DB-A5A0-4E24-95C8-23089684D469}.Release|Any CPU.ActiveCfg = Release|Any CPU
		{9997E1DB-A5A0-4E24-95C8-23089684D469}.Release|Any CPU.Build.0 = Release|Any CPU
	EndGlobalSection
	GlobalSection(SolutionProperties) = preSolution
		HideSolutionNode = FALSE
	EndGlobalSection
	GlobalSection(ExtensibilityGlobals) = postSolution
		SolutionGuid = {5C4C46C8-EA28-4DB4-BA25-C361DF36FAFC}
	EndGlobalSection
EndGlobal
